// !$*UTF8*$!
{
	archiveVersion = 1;
	classes = {
	};
	objectVersion = 50;
	objects = {

/* Begin PBXBuildFile section */
		A330282E2472AA8700710466 /* AppDelegate.swift in Sources */ = {isa = PBXBuildFile; fileRef = A330282D2472AA8700710466 /* AppDelegate.swift */; };
		A33028302472AA8700710466 /* ViewController.swift in Sources */ = {isa = PBXBuildFile; fileRef = A330282F2472AA8700710466 /* ViewController.swift */; };
		A33028322472AA8700710466 /* Experience.rcproject in Sources */ = {isa = PBXBuildFile; fileRef = A33028312472AA8700710466 /* Experience.rcproject */; };
		A33028352472AA8700710466 /* Main.storyboard in Resources */ = {isa = PBXBuildFile; fileRef = A33028332472AA8700710466 /* Main.storyboard */; };
		A33028372472AA8A00710466 /* Assets.xcassets in Resources */ = {isa = PBXBuildFile; fileRef = A33028362472AA8A00710466 /* Assets.xcassets */; };
		A330283A2472AA8A00710466 /* LaunchScreen.storyboard in Resources */ = {isa = PBXBuildFile; fileRef = A33028382472AA8A00710466 /* LaunchScreen.storyboard */; };
		A37BF00924898D0700AFD45A /* Oswald-Extra-LightItalic.ttf in Resources */ = {isa = PBXBuildFile; fileRef = A37BF00524898D0700AFD45A /* Oswald-Extra-LightItalic.ttf */; };
		A37BF00A24898D0700AFD45A /* LibreBarcode39Text-Regular.ttf in Resources */ = {isa = PBXBuildFile; fileRef = A37BF00624898D0700AFD45A /* LibreBarcode39Text-Regular.ttf */; };
		A37BF00B24898D0700AFD45A /* Manrope-Regular.ttf in Resources */ = {isa = PBXBuildFile; fileRef = A37BF00724898D0700AFD45A /* Manrope-Regular.ttf */; };
		A37BF00C24898D0700AFD45A /* Oswald-ExtraLight.ttf in Resources */ = {isa = PBXBuildFile; fileRef = A37BF00824898D0700AFD45A /* Oswald-ExtraLight.ttf */; };
/* End PBXBuildFile section */

/* Begin PBXFileReference section */
		A330282A2472AA8700710466 /* MugRecipies.app */ = {isa = PBXFileReference; explicitFileType = wrapper.application; includeInIndex = 0; path = MugRecipies.app; sourceTree = BUILT_PRODUCTS_DIR; };
		A330282D2472AA8700710466 /* AppDelegate.swift */ = {isa = PBXFileReference; lastKnownFileType = sourcecode.swift; path = AppDelegate.swift; sourceTree = "<group>"; };
		A330282F2472AA8700710466 /* ViewController.swift */ = {isa = PBXFileReference; lastKnownFileType = sourcecode.swift; path = ViewController.swift; sourceTree = "<group>"; };
		A33028312472AA8700710466 /* Experience.rcproject */ = {isa = PBXFileReference; lastKnownFileType = file.rcproject; path = Experience.rcproject; sourceTree = "<group>"; };
		A33028342472AA8700710466 /* Base */ = {isa = PBXFileReference; lastKnownFileType = file.storyboard; name = Base; path = Base.lproj/Main.storyboard; sourceTree = "<group>"; };
		A33028362472AA8A00710466 /* Assets.xcassets */ = {isa = PBXFileReference; lastKnownFileType = folder.assetcatalog; path = Assets.xcassets; sourceTree = "<group>"; };
		A33028392472AA8A00710466 /* Base */ = {isa = PBXFileReference; lastKnownFileType = file.storyboard; name = Base; path = Base.lproj/LaunchScreen.storyboard; sourceTree = "<group>"; };
		A330283B2472AA8A00710466 /* Info.plist */ = {isa = PBXFileReference; lastKnownFileType = text.plist.xml; path = Info.plist; sourceTree = "<group>"; };
		A37BF00524898D0700AFD45A /* Oswald-Extra-LightItalic.ttf */ = {isa = PBXFileReference; lastKnownFileType = file; path = "Oswald-Extra-LightItalic.ttf"; sourceTree = "<group>"; };
		A37BF00624898D0700AFD45A /* LibreBarcode39Text-Regular.ttf */ = {isa = PBXFileReference; lastKnownFileType = file; path = "LibreBarcode39Text-Regular.ttf"; sourceTree = "<group>"; };
		A37BF00724898D0700AFD45A /* Manrope-Regular.ttf */ = {isa = PBXFileReference; lastKnownFileType = file; path = "Manrope-Regular.ttf"; sourceTree = "<group>"; };
		A37BF00824898D0700AFD45A /* Oswald-ExtraLight.ttf */ = {isa = PBXFileReference; lastKnownFileType = file; path = "Oswald-ExtraLight.ttf"; sourceTree = "<group>"; };
/* End PBXFileReference section */

/* Begin PBXFrameworksBuildPhase section */
		A33028272472AA8700710466 /* Frameworks */ = {
			isa = PBXFrameworksBuildPhase;
			buildActionMask = 2147483647;
			files = (
			);
			runOnlyForDeploymentPostprocessing = 0;
		};
/* End PBXFrameworksBuildPhase section */

/* Begin PBXGroup section */
		A33028212472AA8700710466 = {
			isa = PBXGroup;
			children = (
				A330282C2472AA8700710466 /* MugRecipies */,
				A330282B2472AA8700710466 /* Products */,
			);
			sourceTree = "<group>";
		};
		A330282B2472AA8700710466 /* Products */ = {
			isa = PBXGroup;
			children = (
				A330282A2472AA8700710466 /* MugRecipies.app */,
			);
			name = Products;
			sourceTree = "<group>";
		};
		A330282C2472AA8700710466 /* MugRecipies */ = {
			isa = PBXGroup;
			children = (
				A37BF00424898D0700AFD45A /* Resources */,
				A330282D2472AA8700710466 /* AppDelegate.swift */,
				A330282F2472AA8700710466 /* ViewController.swift */,
				A33028312472AA8700710466 /* Experience.rcproject */,
				A33028332472AA8700710466 /* Main.storyboard */,
				A33028362472AA8A00710466 /* Assets.xcassets */,
				A33028382472AA8A00710466 /* LaunchScreen.storyboard */,
				A330283B2472AA8A00710466 /* Info.plist */,
			);
			path = MugRecipies;
			sourceTree = "<group>";
		};
		A37BF00424898D0700AFD45A /* Resources */ = {
			isa = PBXGroup;
			children = (
				A37BF00524898D0700AFD45A /* Oswald-Extra-LightItalic.ttf */,
				A37BF00624898D0700AFD45A /* LibreBarcode39Text-Regular.ttf */,
				A37BF00724898D0700AFD45A /* Manrope-Regular.ttf */,
				A37BF00824898D0700AFD45A /* Oswald-ExtraLight.ttf */,
			);
			name = Resources;
			path = ../../../../Downloads/Resources;
			sourceTree = "<group>";
		};
/* End PBXGroup section */

/* Begin PBXNativeTarget section */
		A33028292472AA8700710466 /* MugRecipies */ = {
			isa = PBXNativeTarget;
			buildConfigurationList = A330283E2472AA8A00710466 /* Build configuration list for PBXNativeTarget "MugRecipies" */;
			buildPhases = (
				A33028262472AA8700710466 /* Sources */,
				A33028272472AA8700710466 /* Frameworks */,
				A33028282472AA8700710466 /* Resources */,
			);
			buildRules = (
			);
			dependencies = (
			);
			name = MugRecipies;
			productName = MugRecipies;
			productReference = A330282A2472AA8700710466 /* MugRecipies.app */;
			productType = "com.apple.product-type.application";
		};
/* End PBXNativeTarget section */

/* Begin PBXProject section */
		A33028222472AA8700710466 /* Project object */ = {
			isa = PBXProject;
			attributes = {
				LastSwiftUpdateCheck = 1130;
				LastUpgradeCheck = 1130;
				ORGANIZATIONNAME = "Luke Ramsay";
				TargetAttributes = {
					A33028292472AA8700710466 = {
						CreatedOnToolsVersion = 11.3.1;
					};
				};
			};
			buildConfigurationList = A33028252472AA8700710466 /* Build configuration list for PBXProject "MugRecipies" */;
			compatibilityVersion = "Xcode 9.3";
			developmentRegion = en;
			hasScannedForEncodings = 0;
			knownRegions = (
				en,
				Base,
			);
			mainGroup = A33028212472AA8700710466;
			productRefGroup = A330282B2472AA8700710466 /* Products */;
			projectDirPath = "";
			projectRoot = "";
			targets = (
				A33028292472AA8700710466 /* MugRecipies */,
			);
		};
/* End PBXProject section */

/* Begin PBXResourcesBuildPhase section */
		A33028282472AA8700710466 /* Resources */ = {
			isa = PBXResourcesBuildPhase;
			buildActionMask = 2147483647;
			files = (
				A330283A2472AA8A00710466 /* LaunchScreen.storyboard in Resources */,
				A37BF00A24898D0700AFD45A /* LibreBarcode39Text-Regular.ttf in Resources */,
				A37BF00B24898D0700AFD45A /* Manrope-Regular.ttf in Resources */,
				A37BF00C24898D0700AFD45A /* Oswald-ExtraLight.ttf in Resources */,
				A33028372472AA8A00710466 /* Assets.xcassets in Resources */,
				A37BF00924898D0700AFD45A /* Oswald-Extra-LightItalic.ttf in Resources */,
				A33028352472AA8700710466 /* Main.storyboard in Resources */,
			);
			runOnlyForDeploymentPostprocessing = 0;
		};
/* End PBXResourcesBuildPhase section */

/* Begin PBXSourcesBuildPhase section */
		A33028262472AA8700710466 /* Sources */ = {
			isa = PBXSourcesBuildPhase;
			buildActionMask = 2147483647;
			files = (
				A33028302472AA8700710466 /* ViewController.swift in Sources */,
				A330282E2472AA8700710466 /* AppDelegate.swift in Sources */,
				A33028322472AA8700710466 /* Experience.rcproject in Sources */,
			);
			runOnlyForDeploymentPostprocessing = 0;
		};
/* End PBXSourcesBuildPhase section */

/* Begin PBXVariantGroup section */
		A33028332472AA8700710466 /* Main.storyboard */ = {
			isa = PBXVariantGroup;
			children = (
				A33028342472AA8700710466 /* Base */,
			);
			name = Main.storyboard;
			sourceTree = "<group>";
		};
		A33028382472AA8A00710466 /* LaunchScreen.storyboard */ = {
			isa = PBXVariantGroup;
			children = (
				A33028392472AA8A00710466 /* Base */,
			);
			name = LaunchScreen.storyboard;
			sourceTree = "<group>";
		};
/* End PBXVariantGroup section */

/* Begin XCBuildConfiguration section */
		A330283C2472AA8A00710466 /* Debug */ = {
			isa = XCBuildConfiguration;
			buildSettings = {
				ALWAYS_SEARCH_USER_PATHS = NO;
				CLANG_ANALYZER_NONNULL = YES;
				CLANG_ANALYZER_NUMBER_OBJECT_CONVERSION = YES_AGGRESSIVE;
				CLANG_CXX_LANGUAGE_STANDARD = "gnu++14";
				CLANG_CXX_LIBRARY = "libc++";
				CLANG_ENABLE_MODULES = YES;
				CLANG_ENABLE_OBJC_ARC = YES;
				CLANG_ENABLE_OBJC_WEAK = YES;
				CLANG_WARN_BLOCK_CAPTURE_AUTORELEASING = YES;
				CLANG_WARN_BOOL_CONVERSION = YES;
				CLANG_WARN_COMMA = YES;
				CLANG_WARN_CONSTANT_CONVERSION = YES;
				CLANG_WARN_DEPRECATED_OBJC_IMPLEMENTATIONS = YES;
				CLANG_WARN_DIRECT_OBJC_ISA_USAGE = YES_ERROR;
				CLANG_WARN_DOCUMENTATION_COMMENTS = YES;
				CLANG_WARN_EMPTY_BODY = YES;
				CLANG_WARN_ENUM_CONVERSION = YES;
				CLANG_WARN_INFINITE_RECURSION = YES;
				CLANG_WARN_INT_CONVERSION = YES;
				CLANG_WARN_NON_LITERAL_NULL_CONVERSION = YES;
				CLANG_WARN_OBJC_IMPLICIT_RETAIN_SELF = YES;
				CLANG_WARN_OBJC_LITERAL_CONVERSION = YES;
				CLANG_WARN_OBJC_ROOT_CLASS = YES_ERROR;
				CLANG_WARN_RANGE_LOOP_ANALYSIS = YES;
				CLANG_WARN_STRICT_PROTOTYPES = YES;
				CLANG_WARN_SUSPICIOUS_MOVE = YES;
				CLANG_WARN_UNGUARDED_AVAILABILITY = YES_AGGRESSIVE;
				CLANG_WARN_UNREACHABLE_CODE = YES;
				CLANG_WARN__DUPLICATE_METHOD_MATCH = YES;
				COPY_PHASE_STRIP = NO;
				DEBUG_INFORMATION_FORMAT = dwarf;
				ENABLE_STRICT_OBJC_MSGSEND = YES;
				ENABLE_TESTABILITY = YES;
				GCC_C_LANGUAGE_STANDARD = gnu11;
				GCC_DYNAMIC_NO_PIC = NO;
				GCC_NO_COMMON_BLOCKS = YES;
				GCC_OPTIMIZATION_LEVEL = 0;
				GCC_PREPROCESSOR_DEFINITIONS = (
					"DEBUG=1",
					"$(inherited)",
				);
				GCC_WARN_64_TO_32_BIT_CONVERSION = YES;
				GCC_WARN_ABOUT_RETURN_TYPE = YES_ERROR;
				GCC_WARN_UNDECLARED_SELECTOR = YES;
				GCC_WARN_UNINITIALIZED_AUTOS = YES_AGGRESSIVE;
				GCC_WARN_UNUSED_FUNCTION = YES;
				GCC_WARN_UNUSED_VARIABLE = YES;
				IPHONEOS_DEPLOYMENT_TARGET = 13.2;
				MTL_ENABLE_DEBUG_INFO = INCLUDE_SOURCE;
				MTL_FAST_MATH = YES;
				ONLY_ACTIVE_ARCH = YES;
				SDKROOT = iphoneos;
				SWIFT_ACTIVE_COMPILATION_CONDITIONS = DEBUG;
				SWIFT_OPTIMIZATION_LEVEL = "-Onone";
			};
			name = Debug;
		};
		A330283D2472AA8A00710466 /* Release */ = {
			isa = XCBuildConfiguration;
			buildSettings = {
				ALWAYS_SEARCH_USER_PATHS = NO;
				CLANG_ANALYZER_NONNULL = YES;
				CLANG_ANALYZER_NUMBER_OBJECT_CONVERSION = YES_AGGRESSIVE;
				CLANG_CXX_LANGUAGE_STANDARD = "gnu++14";
				CLANG_CXX_LIBRARY = "libc++";
				CLANG_ENABLE_MODULES = YES;
				CLANG_ENABLE_OBJC_ARC = YES;
				CLANG_ENABLE_OBJC_WEAK = YES;
				CLANG_WARN_BLOCK_CAPTURE_AUTORELEASING = YES;
				CLANG_WARN_BOOL_CONVERSION = YES;
				CLANG_WARN_COMMA = YES;
				CLANG_WARN_CONSTANT_CONVERSION = YES;
				CLANG_WARN_DEPRECATED_OBJC_IMPLEMENTATIONS = YES;
				CLANG_WARN_DIRECT_OBJC_ISA_USAGE = YES_ERROR;
				CLANG_WARN_DOCUMENTATION_COMMENTS = YES;
				CLANG_WARN_EMPTY_BODY = YES;
				CLANG_WARN_ENUM_CONVERSION = YES;
				CLANG_WARN_INFINITE_RECURSION = YES;
				CLANG_WARN_INT_CONVERSION = YES;
				CLANG_WARN_NON_LITERAL_NULL_CONVERSION = YES;
				CLANG_WARN_OBJC_IMPLICIT_RETAIN_SELF = YES;
				CLANG_WARN_OBJC_LITERAL_CONVERSION = YES;
				CLANG_WARN_OBJC_ROOT_CLASS = YES_ERROR;
				CLANG_WARN_RANGE_LOOP_ANALYSIS = YES;
				CLANG_WARN_STRICT_PROTOTYPES = YES;
				CLANG_WARN_SUSPICIOUS_MOVE = YES;
				CLANG_WARN_UNGUARDED_AVAILABILITY = YES_AGGRESSIVE;
				CLANG_WARN_UNREACHABLE_CODE = YES;
				CLANG_WARN__DUPLICATE_METHOD_MATCH = YES;
				COPY_PHASE_STRIP = NO;
				DEBUG_INFORMATION_FORMAT = "dwarf-with-dsym";
				ENABLE_NS_ASSERTIONS = NO;
				ENABLE_STRICT_OBJC_MSGSEND = YES;
				GCC_C_LANGUAGE_STANDARD = gnu11;
				GCC_NO_COMMON_BLOCKS = YES;
				GCC_WARN_64_TO_32_BIT_CONVERSION = YES;
				GCC_WARN_ABOUT_RETURN_TYPE = YES_ERROR;
				GCC_WARN_UNDECLARED_SELECTOR = YES;
				GCC_WARN_UNINITIALIZED_AUTOS = YES_AGGRESSIVE;
				GCC_WARN_UNUSED_FUNCTION = YES;
				GCC_WARN_UNUSED_VARIABLE = YES;
				IPHONEOS_DEPLOYMENT_TARGET = 13.2;
				MTL_ENABLE_DEBUG_INFO = NO;
				MTL_FAST_MATH = YES;
				SDKROOT = iphoneos;
				SWIFT_COMPILATION_MODE = wholemodule;
				SWIFT_OPTIMIZATION_LEVEL = "-O";
				VALIDATE_PRODUCT = YES;
			};
			name = Release;
		};
		A330283F2472AA8A00710466 /* Debug */ = {
			isa = XCBuildConfiguration;
			buildSettings = {
				ASSETCATALOG_COMPILER_APPICON_NAME = AppIcon;
				CODE_SIGN_STYLE = Automatic;
				DEVELOPMENT_TEAM = GL333NKHPH;
				INFOPLIST_FILE = MugRecipies/Info.plist;
				LD_RUNPATH_SEARCH_PATHS = (
					"$(inherited)",
					"@executable_path/Frameworks",
				);
				PRODUCT_BUNDLE_IDENTIFIER = com.lukeramsay.MugRecipies;
				PRODUCT_NAME = "$(TARGET_NAME)";
				SWIFT_VERSION = 5.0;
				TARGETED_DEVICE_FAMILY = "1,2";
			};
			name = Debug;
		};
		A33028402472AA8A00710466 /* Release */ = {
			isa = XCBuildConfiguration;
			buildSettings = {
				ASSETCATALOG_COMPILER_APPICON_NAME = AppIcon;
				CODE_SIGN_STYLE = Automatic;
				DEVELOPMENT_TEAM = GL333NKHPH;
				INFOPLIST_FILE = MugRecipies/Info.plist;
				LD_RUNPATH_SEARCH_PATHS = (
					"$(inherited)",
					"@executable_path/Frameworks",
				);
				PRODUCT_BUNDLE_IDENTIFIER = com.lukeramsay.MugRecipies;
				PRODUCT_NAME = "$(TARGET_NAME)";
				SWIFT_VERSION = 5.0;
				TARGETED_DEVICE_FAMILY = "1,2";
			};
			name = Release;
		};
/* End XCBuildConfiguration section */

/* Begin XCConfigurationList section */
		A33028252472AA8700710466 /* Build configuration list for PBXProject "MugRecipies" */ = {
			isa = XCConfigurationList;
			buildConfigurations = (
				A330283C2472AA8A00710466 /* Debug */,
				A330283D2472AA8A00710466 /* Release */,
			);
			defaultConfigurationIsVisible = 0;
			defaultConfigurationName = Release;
		};
		A330283E2472AA8A00710466 /* Build configuration list for PBXNativeTarget "MugRecipies" */ = {
			isa = XCConfigurationList;
			buildConfigurations = (
				A330283F2472AA8A00710466 /* Debug */,
				A33028402472AA8A00710466 /* Release */,
			);
			defaultConfigurationIsVisible = 0;
			defaultConfigurationName = Release;
		};
/* End XCConfigurationList section */
	};
	rootObject = A33028222472AA8700710466 /* Project object */;
}
